
Microsoft Visual Studio Solution File, Format Version 12.00
Project("{FAE04EC0-301F-11D3-BF4B-00C04F79EFBC}") = "tp_test_task-manager", "tp_test_task-manager\tp_test_task-manager.csproj", "{667984C3-6CAA-43B2-80BB-739C68CB6EDE}"
EndProject
Project("{FAE04EC0-301F-11D3-BF4B-00C04F79EFBC}") = "tp_test_task-manager.Test", "tp_test_task-manager.Test\tp_test_task-manager.Test.csproj", "{0E09B531-C2BB-4FE8-8276-E56DAE58834C}"
EndProject
Project("{FAE04EC0-301F-11D3-BF4B-00C04F79EFBC}") = "TaskCli", "TaskCli\TaskCli.csproj", "{960E76AA-76D0-482A-8F6A-7AE1B22D0660}"
EndProject
Project("{FAE04EC0-301F-11D3-BF4B-00C04F79EFBC}") = "TaskCli.Test", "TaskCli.Test\TaskCli.Test.csproj", "{0BFC65D8-4A46-4B1A-AFA6-AC824361DA5B}"
EndProject
Global
	GlobalSection(SolutionConfigurationPlatforms) = preSolution
		Debug|Any CPU = Debug|Any CPU
		Release|Any CPU = Release|Any CPU
	EndGlobalSection
	GlobalSection(ProjectConfigurationPlatforms) = postSolution
		{667984C3-6CAA-43B2-80BB-739C68CB6EDE}.Debug|Any CPU.ActiveCfg = Debug|Any CPU
		{667984C3-6CAA-43B2-80BB-739C68CB6EDE}.Debug|Any CPU.Build.0 = Debug|Any CPU
		{667984C3-6CAA-43B2-80BB-739C68CB6EDE}.Release|Any CPU.ActiveCfg = Release|Any CPU
		{667984C3-6CAA-43B2-80BB-739C68CB6EDE}.Release|Any CPU.Build.0 = Release|Any CPU
		{0E09B531-C2BB-4FE8-8276-E56DAE58834C}.Debug|Any CPU.ActiveCfg = Debug|Any CPU
		{0E09B531-C2BB-4FE8-8276-E56DAE58834C}.Debug|Any CPU.Build.0 = Debug|Any CPU
		{0E09B531-C2BB-4FE8-8276-E56DAE58834C}.Release|Any CPU.ActiveCfg = Release|Any CPU
		{0E09B531-C2BB-4FE8-8276-E56DAE58834C}.Release|Any CPU.Build.0 = Release|Any CPU
		{960E76AA-76D0-482A-8F6A-7AE1B22D0660}.Debug|Any CPU.ActiveCfg = Debug|Any CPU
		{960E76AA-76D0-482A-8F6A-7AE1B22D0660}.Debug|Any CPU.Build.0 = Debug|Any CPU
		{960E76AA-76D0-482A-8F6A-7AE1B22D0660}.Release|Any CPU.ActiveCfg = Release|Any CPU
		{960E76AA-76D0-482A-8F6A-7AE1B22D0660}.Release|Any CPU.Build.0 = Release|Any CPU
		{0BFC65D8-4A46-4B1A-AFA6-AC824361DA5B}.Debug|Any CPU.ActiveCfg = Debug|Any CPU
		{0BFC65D8-4A46-4B1A-AFA6-AC824361DA5B}.Debug|Any CPU.Build.0 = Debug|Any CPU
		{0BFC65D8-4A46-4B1A-AFA6-AC824361DA5B}.Release|Any CPU.ActiveCfg = Release|Any CPU
		{0BFC65D8-4A46-4B1A-AFA6-AC824361DA5B}.Release|Any CPU.Build.0 = Release|Any CPU
	EndGlobalSection
EndGlobal
